# connectors.lock — generated by `catalog build`. Do not edit by hand.
# `catalog check` independently verifies every recorded input and artifact.

version = 1

[pack]
path = "crates/catalog-reader/catalog.pack"
schema_version = 2
sha256 = "113c87cd0cbe0fb4c89a69aec525b28d77f7e390037230c6bcd3fa2dc8d29eaa"

[[provider]]
id = "airtable"
generator = "connectors 0.1.0"
toml_sha256 = "be9421f8ea60be77952d4d1a2587636d1328fccc3dd86dd48292c0d2a2771d4c"
ir_sha256 = "5f2374b87646f8ac4579df789c27d22c5b7f7877bd07b5ed9305d9a0269262a8"

[provider.artifacts]
"catalog/airtable.catalog.json" = "1c662688d0f8552da81c3ed456ff38caee1cd2e6e883a3f2120ce9566e4b36e7"

[[provider]]
id = "alertmanager"
generator = "connectors 0.1.0"
source_url = "https://github.com/prometheus/alertmanager/blob/v0.31.0/api/v2/openapi.yaml"
upstream_version = "0.31.0"
spec_sha256 = "0fac1b1f2f114187c5688793df7b494707560fbd8eb676bf34cbaaa0ff11a749"
toml_sha256 = "433e6659c6427fa2b0459fdcf905a84b4948e20a530c12a93656e90c37f17d4a"
ir_sha256 = "7aba70a50e49a1b93516d4d96d71e114d9bbea175867b0915ff771cb2644d776"

[[provider.specs]]
path = "specs/alertmanager/http-api-v0.31.0.openapi.yaml"
source_url = "https://github.com/prometheus/alertmanager/blob/v0.31.0/api/v2/openapi.yaml"
upstream_version = "0.31.0"
sha256 = "0fac1b1f2f114187c5688793df7b494707560fbd8eb676bf34cbaaa0ff11a749"

[provider.artifacts]
"catalog/alertmanager.catalog.json" = "29a90d23a7533836dde9514e782b7d41258d9d44ca496ab35657f4bfc9d99f46"

[[provider]]
id = "algolia"
generator = "connectors 0.1.0"
toml_sha256 = "c18e5a55835d814e5e4210e8d90ebaf14b50129e6034190cea698b16438f31a8"
ir_sha256 = "870da3accccdb6cbc72dd0100b3e611cafd631c72fcb4eb1a5331a5113f0d9cc"

[provider.artifacts]
"catalog/algolia.catalog.json" = "8e13d9b8c805fce85b1f9ca45936dab047ae31812b8519abd7e7b97774ca494f"

[[provider]]
id = "anthropic"
generator = "connectors 0.1.0"
toml_sha256 = "0cbbfb3778bbfd06f5796653e8e7a2c3cafd5ee941662164f33f8b64db5c852d"
ir_sha256 = "05a5a2dfc247c1829a064de696ecb1c95891f3ba4fb212aa540bcaa5a1ec71b2"

[[provider.specs]]
path = "specs/anthropic/models-2023-06-01.openapi.yaml"
service = "models"
upstream_version = "2023-06-01"
sha256 = "6935825362718e79a8a6f1bd1a3dcb8adf897759e6050004fbbb8c68cb73ec3e"

[[provider.specs]]
path = "specs/anthropic/admin-2023-06-01.openapi.yaml"
service = "admin"
upstream_version = "2023-06-01"
sha256 = "3458dbfb0c31150dbd6a601abb90f4b814bc5f122bdb717f0f8f05c2b0e37e21"

[provider.artifacts]
"catalog/anthropic.catalog.json" = "9c6637c53d5bad064bc975ef4ca8c380142baf0241eb9b7b4a35d0a74e05701d"

[[provider]]
id = "argocd"
generator = "connectors 0.1.0"
source_url = "https://github.com/argoproj/argo-cd/blob/v3.5.1/assets/swagger.json"
upstream_version = "v3.5.1"
spec_sha256 = "40e89ee14ee598c816358d92d0682e92b4723701da664ebaae1c4988fe37303d"
toml_sha256 = "9bd9fd3c619c8630a16e2814043b98d971f7b75042f40b9b8dd09590df400834"
ir_sha256 = "e34aa5ac598f7133531329cded7e55df00c9eacfb4422d42896ef92a4fd63e5e"

[[provider.specs]]
path = "specs/argocd/http-api-v3.5.1.openapi.yaml"
source_url = "https://github.com/argoproj/argo-cd/blob/v3.5.1/assets/swagger.json"
upstream_version = "v3.5.1"
sha256 = "40e89ee14ee598c816358d92d0682e92b4723701da664ebaae1c4988fe37303d"

[provider.artifacts]
"catalog/argocd.catalog.json" = "fefeb36d27c6fcf1c127cd22134c33d662151633f03b11ea538633e1511e258e"

[[provider]]
id = "asana"
generator = "connectors 0.1.0"
toml_sha256 = "ef9cf99b50dc5cc0654b2314455dcb61cf4f812921b5e6ebe09fcc0368367b38"
ir_sha256 = "21af0bddb2ee8cedb5393870e297554f71c4ee673e5a987eb295005360b3bd1e"

[provider.artifacts]
"catalog/asana.catalog.json" = "8c090109c111f41935526a0c23412d5bc4bc32c3bd259877621d7170bfd2f55f"

[[provider]]
id = "asterisk"
generator = "connectors 0.1.0"
source_url = "https://github.com/asterisk/asterisk/tree/f0e408a7b0d829c85bf15fa4b487870a50cb3000/rest-api"
upstream_version = "22.10.1"
spec_sha256 = "7ea540678f8f9930d5582161c7cb0dc1cbf09674c2bc5b5466f94c854210f53e"
toml_sha256 = "9de8bdb845c0f0d4e95990f2303695ab3d3bd160cf74538b9a5c9e606039f7fa"
ir_sha256 = "7b8ba237ea721dee6938e73fe121614ade51e9052bc8b70f49c1437a69450b9b"

[[provider.specs]]
path = "specs/asterisk/ari-22.10.1.openapi.json"
source_url = "https://github.com/asterisk/asterisk/tree/f0e408a7b0d829c85bf15fa4b487870a50cb3000/rest-api"
upstream_version = "22.10.1"
sha256 = "7ea540678f8f9930d5582161c7cb0dc1cbf09674c2bc5b5466f94c854210f53e"

[provider.artifacts]
"catalog/asterisk.catalog.json" = "2c2b99f8cbd4b6fce4f1dc69de749a622a782150889dbdd683390b172efca4e0"

[[provider]]
id = "b10x"
generator = "connectors 0.1.0"
toml_sha256 = "6c77128aebcdd0afb82414619071993f56f6eb6299126d75bb0de032729ffdb9"
ir_sha256 = "6122c1095395f786e3e399548445d361b07728084c5859b722746214a4c13c03"

[[provider.specs]]
path = "specs/b10x/workspaces-v2.openapi.json"
service = "workspaces"
upstream_version = "workspaces v2 development manifest 11e7bdc6de9c2c6733216a7b68cef41649bc551e8e4f79373505fd46db28a2e9"
sha256 = "d9d240d0e25ad181488264a88b52f27b2ce4234fc332410306e66f0652440694"

[[provider.specs]]
path = "specs/b10x/colab-v1.openapi.json"
service = "collaboration"
upstream_version = "colab v1 development manifest 46207ef571063a806f4c60ff4b43a848392013c9b0828233ce90f0696e69c143"
sha256 = "bad5ba7a973913a4cad26cf4fea4c5cdc5d01df86b7538e0061d0f68f2b18b80"

[[provider.specs]]
path = "specs/b10x/ontology-v0alpha2.openapi.json"
service = "knowledge"
upstream_version = "ontology v0alpha2 development manifest f91dab52ccbbc9795e9a8009713ba2c5737e93a59f13667eca0db5e0b92dd8ea"
sha256 = "a30a80b126d449405a81a4e7e9c0352a290b1bf7f1aea05cb116c25a7e782c76"

[[provider.specs]]
path = "specs/b10x/work-v1.openapi.json"
service = "tasks"
upstream_version = "work v1 development manifest 6e76b0838d2563e1e9e0c844194f3dcbadcaebd10ad4d30d0ffaed30e3eb584d"
sha256 = "abc231bd409a8511f6080da1d74e931440934a3df9fad76ec13f5ef4cb056547"

[[provider.specs]]
path = "specs/b10x/work-v1.asyncapi.yaml"
service = "tasks"
upstream_version = "work module v1 at b10x/modules 719a8a321ee9828332b002f4b7b722ffcff59d52"
sha256 = "39c2180f3681f14d4aed854e4415440b4ef257547d348ed9c8890796345aedb0"

[[provider.specs]]
path = "specs/b10x/planner-v1.openapi.json"
service = "planning"
upstream_version = "planner v1 development manifest 888b23bb3b04ab82c073e96076ff17b59d1c656b981aea20d4f086f19ad85490"
sha256 = "d65603c9ddcee94cd559e4ae4f1796fbff50bc1f29ba84101836050c421291fb"

[[provider.specs]]
path = "specs/b10x/planner-v1.asyncapi.yaml"
service = "planning"
upstream_version = "planner module v1 at b10x/modules 719a8a321ee9828332b002f4b7b722ffcff59d52"
sha256 = "6741dad97fb4c5a53ed2b2e48a7c53f699638644fb75c64346ff7b60b0d419fc"

[provider.artifacts]
"catalog/b10x.catalog.json" = "ae393f52d007b4934ae9fd71365296d6853d3e4c3067617d71c1c5da6af2ae24"

[[provider]]
id = "babelforce"
generator = "connectors 0.1.0"
toml_sha256 = "beac91fc41d4f541c2853a1b10f757d5156a1300840250241d0c75772a8efd9d"
ir_sha256 = "04f6f7abd00afd21b41a1bd9c3f42443d9e7f13c511c5eecbc9b0ad9a0fa107c"

[[provider.specs]]
path = "specs/babelforce/manager-2026-07-10.openapi.yaml"
service = "manager"
upstream_version = "0.0.0-dev"
sha256 = "5728cd62a637e4b3fdd5fa1d376c0ebb478ad0c966922a9dd3fb0608918d739c"

[[provider.specs]]
path = "specs/babelforce/user-2026-06-25.openapi.yaml"
service = "user"
upstream_version = "0.0.0-dev"
sha256 = "0f98b94f138f52afb2030bc82a69fad7ace437c8d07fc47fb274d635a977ccd2"

[[provider.specs]]
path = "specs/babelforce/task-automation-2026-06-25.openapi.yaml"
service = "task-automation"
upstream_version = "3.63.10"
sha256 = "2d827090e3ec35e73cf0108f9b0b5c7f7ec5e335a5804b7e7d87fff15dcca989"

[[provider.specs]]
path = "specs/babelforce/task-schedule-2026-06-25.openapi.yaml"
service = "task-schedule"
upstream_version = "3.63.10"
sha256 = "031327359000bd70d6b2ab012868971cc834812e5f61f5157531e7cb5daa4d85"

[provider.artifacts]
"catalog/babelforce.catalog.json" = "a5bfd3416dcfafb0f66b130dc73ac466ab95cb3c5c99abfe3a664526ff9fa8d6"

[[provider]]
id = "bitbucket"
generator = "connectors 0.1.0"
toml_sha256 = "39b18f7e55ca78a912993ef7220891c9aee63d18c13460639978107e9ca6ed44"
ir_sha256 = "ba3f94ed5fe5d3562d6958e69675a248750323c37acca708bc36b58e45cb5de8"

[provider.artifacts]
"catalog/bitbucket.catalog.json" = "ddb53a86c497aa08c99aaf2164b7fe93986c469ad19861b3e017cff2ca446445"

[[provider]]
id = "box"
generator = "connectors 0.1.0"
toml_sha256 = "1537304fa3c0e9597e527dcaa9a7c46b699307918d14d27ba999a7bcc50333ad"
ir_sha256 = "39dfbd08f3aa229e26f2dd21be5670e7fbb23bddc9d3c220c994badebb589b13"

[provider.artifacts]
"catalog/box.catalog.json" = "e59973dde08a9a6998708eac912a1b114d7aa213498ac9669581fb09d242180c"

[[provider]]
id = "calendly"
generator = "connectors 0.1.0"
toml_sha256 = "3b66cdb86f218ff60d61b25d49039c882ebc2e0592107b5eb0e6d2cbbf1390e2"
ir_sha256 = "cd852640b0ca764c90325440a2889e2a179ea4472686ba194d989e022177ebd2"

[provider.artifacts]
"catalog/calendly.catalog.json" = "09e6c4b890083c4296ba79fccb76581e81bdc5a9a43e0f3ef56bbc8342f2643a"

[[provider]]
id = "clickup"
generator = "connectors 0.1.0"
toml_sha256 = "335681cd335e7ccafd26060afc665245460a21fc05754f71c850c7551f7edd78"
ir_sha256 = "f1c8af389f85347d521f52732753b4450e1edacbad14f10c2e2bb1d5132e5471"

[provider.artifacts]
"catalog/clickup.catalog.json" = "e052bb4f562a5bdf2488034881c42493e331aba9d71f18904c8eba76a4880595"

[[provider]]
id = "cloudflare"
generator = "connectors 0.1.0"
toml_sha256 = "11e77a64a05c8248253073349aff3ca4aa3b63203d1f04a9401192c770915f0f"
ir_sha256 = "5ec8959f98f8d96a333885e8b13966652059949c6aa23a7b06d25e6fc07d6ddd"

[provider.artifacts]
"catalog/cloudflare.catalog.json" = "1b7f154638d4522b295f366f96f5c43f0c7e504eb3c030cce0e701e8aeff9504"

[[provider]]
id = "confluence"
generator = "connectors 0.1.0"
toml_sha256 = "f140f430c8c20fdf15cbcdd2af6396648e923fb9763af6cf57abc153f572ace3"
ir_sha256 = "83701fe1a6494075bbe6debaa859cf21204a5bce3957095abfb0fa8b33a2dd0e"

[provider.artifacts]
"catalog/confluence.catalog.json" = "47fe92107c6d8cc2bafd866604e48491a3ee277e93cb924141aa722fee797597"

[[provider]]
id = "contentful"
generator = "connectors 0.1.0"
toml_sha256 = "240055e8bf27bdb3c597940ff04ff6007b4981f33f45fb462f2e2b23d38a8206"
ir_sha256 = "20e6370c75a10fdf3ff12cd5fcb1558785a76e9bd99f853dabb547a80e0c8f7b"

[provider.artifacts]
"catalog/contentful.catalog.json" = "31bced4b4dca7bebc102c83baf38ea7334e4582f164f5dea200263a2ecb5ec25"

[[provider]]
id = "datadog"
generator = "connectors 0.1.0"
toml_sha256 = "699352ff97763967bd5829aab97ccb08c29c21a5bcbcbacf84563be173705e87"
ir_sha256 = "c70d27d3431340a653ae6726e1dc9785f577c7ed8bf73ae6b9bb42d3cf344588"

[provider.artifacts]
"catalog/datadog.catalog.json" = "fd6f320a863b64bc480a0b073546b9ed4a5d52a94ac68b878c572714db3fe768"

[[provider]]
id = "discord"
generator = "connectors 0.1.0"
toml_sha256 = "aec1988eddb888472b61731581422b7ade9f389560971e91fca4804eeb1548a6"
ir_sha256 = "6ca3ac2c298a10befd62bb5dd9df3007fedb0c70f7e81dc8e28e1c633e40f53e"

[provider.artifacts]
"catalog/discord.catalog.json" = "075433a6e37567bd574a771cab16d1e36d0a0f52c26200b9e9d6724dfb8b746d"

[[provider]]
id = "docusign"
generator = "connectors 0.1.0"
toml_sha256 = "6feeea7396151c7a7ae9b8c6feb317691ad6debc5ea999e19f0f7db1390dcac6"
ir_sha256 = "1a0f8670417f32e4b2cb127f99ae47984da9a8271e150f6048f79ee447797784"

[provider.artifacts]
"catalog/docusign.catalog.json" = "4d0697cfd8ea11dd09fae80f98c86e7710802adae02bf7a22de4fdb4b82dae38"

[[provider]]
id = "dropbox"
generator = "connectors 0.1.0"
toml_sha256 = "e42e082740df42bd44458a787c7737034e9329dca47845fbddb781289b46c207"
ir_sha256 = "177099c3c8d5fc0cf01d5b3571038f7ebdda04b9a0f1bc56b06419ff0b454cff"

[provider.artifacts]
"catalog/dropbox.catalog.json" = "0990d9bb014f3d225adf62cadc3dd07fd2b85062166a103f1d1d04307e1c0644"

[[provider]]
id = "figma"
generator = "connectors 0.1.0"
toml_sha256 = "201247152d530ccccf974f66988278138a1010e2e7655e9fc5c197cc59a4851e"
ir_sha256 = "e8892d40e1f666549f73ddeb7f220840bea07639377206acb11bd9ace0554e85"

[provider.artifacts]
"catalog/figma.catalog.json" = "7f63eca54cca76fdfc909b8a9cd9b64c83c0318ec147d0d9300a93674ff6d2b0"

[[provider]]
id = "fly"
generator = "connectors 0.1.0"
toml_sha256 = "6388740dd20f48e62fd193f848b1be751932a0e6a9cda1c2871b125311b60b05"
ir_sha256 = "e8b9c0c3bc86083860c13c80c3e1049c613cfa5833eacb649c5e31b64924dbca"

[provider.artifacts]
"catalog/fly.catalog.json" = "ca80d16216cde0b2ec669b9dc153ecdeed3eabb1ca823a52ca09e0f0acaf36e3"

[[provider]]
id = "freshdesk"
generator = "connectors 0.1.0"
toml_sha256 = "4aa89c55f9d7b63c7a49263d0ed6049150ade78416723502c9c38e9e71111d97"
ir_sha256 = "610f83106133614d56a5445eafcdbfbf14ec8c03e7bf47469c5f2df6b3aca4d4"

[provider.artifacts]
"catalog/freshdesk.catalog.json" = "0d8c882c45a5d64523ce20168d8246cc46a691f2e461b4457ecf025224cfae1e"

[[provider]]
id = "front"
generator = "connectors 0.1.0"
toml_sha256 = "6b77f14415cbe6a1fedd775092368fba3f9c27dfb18c26299adc7048e662e41c"
ir_sha256 = "3ab0e9a0d4d66c469e7b07e8d41070c22ddbcaf7308a15b8c6daa57e2b7d580d"

[provider.artifacts]
"catalog/front.catalog.json" = "efe4bbbf406a927e83d88140761bd888df5198e1899e787018c15ad5380d4988"

[[provider]]
id = "github"
generator = "connectors 0.1.0"
source_url = "https://raw.githubusercontent.com/github/rest-api-description/5e28810649ba41b5483753ba74f976f83856a504/descriptions/api.github.com/api.github.com.2022-11-28.json"
upstream_version = "1.1.4"
spec_sha256 = "a7a3293268f062d09eb576806f0e5af271c039b9427f9852c8280c8fecc692e7"
toml_sha256 = "7118fa532ed08f1f682e819ea13fdf1af970c8256118c125bd05d01645b63d61"
ir_sha256 = "628220f95871dcbe93da7f9811ab21185d07c3914aba4c39229d47f73263ea0a"

[[provider.specs]]
path = "specs/github/api.github.com.2022-11-28-2026-08-02.openapi.json"
service = "default"
source_url = "https://raw.githubusercontent.com/github/rest-api-description/5e28810649ba41b5483753ba74f976f83856a504/descriptions/api.github.com/api.github.com.2022-11-28.json"
upstream_version = "1.1.4"
sha256 = "a7a3293268f062d09eb576806f0e5af271c039b9427f9852c8280c8fecc692e7"

[provider.artifacts]
"catalog/github.catalog.json" = "76b30297538cd8a5693531271e84c594e3632c32da7e1362714aea20f61fd170"

[[provider]]
id = "gitlab"
generator = "connectors 0.1.0"
toml_sha256 = "f93211f68204181bd5b5419001fd207773902a829175166ad7fd7c0ad6eaff2b"
ir_sha256 = "78a00a4e43a9079ac540ec93f0cc46107ca422d657a8f2ba2e045ed933815cd6"

[provider.artifacts]
"catalog/gitlab.catalog.json" = "fde651b0796823f5e6b42c76d6315039425d0fb70ca41d0f10a6afe19f6f17ef"

[[provider]]
id = "google"
generator = "connectors 0.1.0"
toml_sha256 = "0177a0c4548f9e6b6670d89f0914ae10669bfb2ad570d208405f71b2b79f192f"
ir_sha256 = "e27b75931e47c8876a1a8dcc7fa0cd636762afd82d4ce747dd91cc20287bd746"

[provider.artifacts]
"catalog/google.catalog.json" = "1784e137f3b648641314897ee6f00c18245e9c2beb010da7800b97797fc7ff14"

[[provider]]
id = "grafana"
generator = "connectors 0.1.0"
upstream_version = "Grafana 12+ HTTP API"
spec_sha256 = "14c46194403f8831e0e80562fedb28685a3d803f980d9da9a230b9f0e0d35c35"
toml_sha256 = "53f015eaea5e5ac71e6a6f31afd2866971d43bea863021bf989eaf426f020a0a"
ir_sha256 = "9358716a682aacf878baac5b46b9720f26834492356cdb14fe1564059c237e2c"

[[provider.specs]]
path = "specs/grafana/http-api-2026-08-14.openapi.yaml"
upstream_version = "Grafana 12+ HTTP API"
sha256 = "14c46194403f8831e0e80562fedb28685a3d803f980d9da9a230b9f0e0d35c35"

[provider.artifacts]
"catalog/grafana.catalog.json" = "0ced8ae0a06e411bb3d3361fc06c349afcf5b63e106b33239c72430bbb01a6bd"

[[provider]]
id = "hubspot"
generator = "connectors 0.1.0"
toml_sha256 = "17ef962bc8812a7beebd4f58a88e6e452526c7d2f87daca228939915649ca985"
ir_sha256 = "375e63a99f482644f7ce01cfcfb1fa60bf343068c9f0933d9f01098d149f5800"

[provider.artifacts]
"catalog/hubspot.catalog.json" = "3488dbd914f3143cc3dcf6dd5b8bd88427042c48b4b8b5b02d0861ef58755812"

[[provider]]
id = "intercom"
generator = "connectors 0.1.0"
toml_sha256 = "58e81abf84e47c99241638309ba41400bb9ba8a230ae74fd5ba554f615041ae4"
ir_sha256 = "2aa268b3584a81c12b74429e75768630db084db3f1080fae87f2c93d1f19eef1"

[provider.artifacts]
"catalog/intercom.catalog.json" = "0098ff0fe9ee27a35e750de9ebe43d1746e2561e1bce303cadd1e9580d75a22c"

[[provider]]
id = "jira"
generator = "connectors 0.1.0"
toml_sha256 = "3ac215b109702decc43df8ec9a54e3926c293bca4da87e9f42562706769912ea"
ir_sha256 = "4fa0eb82914254ef01cd7525f01634b6575634509f5e018991b6a75223dafd09"

[provider.artifacts]
"catalog/jira.catalog.json" = "494cb97109c26ee6b051e94c42d125f15611ad472f56788635598b0740ad7ecd"

[[provider]]
id = "klaviyo"
generator = "connectors 0.1.0"
toml_sha256 = "aa87df9a2613508dbda305dd89d5d2fb3007b939b963fc9960b1520affb8f64f"
ir_sha256 = "e4e84b4a13c495d56f5d7252c2a7c8f9358778d91fb47bad98d963bd105dfc93"

[provider.artifacts]
"catalog/klaviyo.catalog.json" = "81a5d36a1007a76cd2b10c81f1fe3ea3fd0c2c3a0f338bdd498c3720b3b026a1"

[[provider]]
id = "launchdarkly"
generator = "connectors 0.1.0"
toml_sha256 = "79c1ee59d69a8345725e47d7f549666f97256358655d4c1430268326798c0044"
ir_sha256 = "a02bbce6d5e33efe6dafda974bfaa07d6330f4f5d31a75e4334faf2e239e7aaa"

[provider.artifacts]
"catalog/launchdarkly.catalog.json" = "b574fa4fb5e5319f8c78e8b8e6ebeba652278b59fb29ccb9a8e2d6aa670884c5"

[[provider]]
id = "loki"
generator = "connectors 0.1.0"
upstream_version = "Loki HTTP API"
spec_sha256 = "77e769512509c9b6d8d21c08a6d576bbafbde0e4cbfde8da33abc196bfc49ee7"
toml_sha256 = "7a936f77da06bd6e1aede789fec008754c52b69b957a5d5dc1cfe5bbc7b9e10e"
ir_sha256 = "109ea388c33cadc0da3460cde9077026115cce90987f792c7568ff264a0c1bae"

[[provider.specs]]
path = "specs/loki/http-api-2026-08-15.openapi.yaml"
upstream_version = "Loki HTTP API"
sha256 = "77e769512509c9b6d8d21c08a6d576bbafbde0e4cbfde8da33abc196bfc49ee7"

[provider.artifacts]
"catalog/loki.catalog.json" = "39850348bb78bdf4b3394c2c14d8e102ce6605398947b97a2bea1a1a117509c1"

[[provider]]
id = "mailchimp"
generator = "connectors 0.1.0"
toml_sha256 = "181f84562364f68fb2f23ed7f1126e8828ea2bac1219ef2d412fcaa7beb8e7bf"
ir_sha256 = "cbb82558f71cb76a6744b4aa88ccae489e1873cdb8254596efb876e9abb64495"

[provider.artifacts]
"catalog/mailchimp.catalog.json" = "79c1fdbf5460a3141cb4964c03d98699c7ebb6c401940b057657b314669cf718"

[[provider]]
id = "microsoft_graph"
generator = "connectors 0.1.0"
toml_sha256 = "f19790320d5221dc341bf5b6bd5a710a86e67c78f5e90fb1b4c6aa8718dfd5f0"
ir_sha256 = "fff4efdb7e8b5bfe5ac0177c312fa086d84269fbd8115c6b3aa2cf77692baa34"

[[provider.specs]]
path = "specs/microsoft_graph/mail-2026-08-02.openapi.json"
service = "mail"
source_url = "https://raw.githubusercontent.com/microsoftgraph/msgraph-metadata/60b50e2e5b23612aac74ecdf65d35d566c5a4031/openapi/v1.0/openapi.yaml"
upstream_version = "v1.0"
sha256 = "5fe57015831998550609994baa2436b80796a4d573c4e6b33198020679bb3f07"

[[provider.specs]]
path = "specs/microsoft_graph/calendar-2026-08-02.openapi.json"
service = "calendar"
source_url = "https://raw.githubusercontent.com/microsoftgraph/msgraph-metadata/60b50e2e5b23612aac74ecdf65d35d566c5a4031/openapi/v1.0/openapi.yaml"
upstream_version = "v1.0"
sha256 = "d3cf91ee72c4f23f7b1a80b5d7796462bef5ea448dd268d328233b8f0479f57a"

[provider.artifacts]
"catalog/microsoft_graph.catalog.json" = "b155b087344456e8a0ebe078d162dd83674849c6d9d376616f21492598f45430"

[[provider]]
id = "miro"
generator = "connectors 0.1.0"
toml_sha256 = "ba07988ccfe9d826887336d652a9b3a2f101352074e9d4e439d4fab120e227ce"
ir_sha256 = "c9ce71d5c074d9c7566a6c6966b61249dcb51b9f23475a49e2d7f46e82371a7a"

[provider.artifacts]
"catalog/miro.catalog.json" = "f4784ba84bb879a4d4d5ad0221ad2a29dd1132b61b92f36d34c2e5ebd69f7e24"

[[provider]]
id = "mysql"
generator = "connectors 0.1.0"
toml_sha256 = "82947b48e58ff4a6ee05b2304aaee92a463d4f29a4d753fff04755138d5fbb6e"
ir_sha256 = "05c63da11fbd585ee8880425ceade40ba8a403f9938a0dfed83576f4e5c779a8"

[provider.artifacts]
"catalog/mysql.catalog.json" = "11de1ee1728a8db5c39e88c76d67fb6f6a5a779c8b01a0605dc23a88e8b335a6"

[[provider]]
id = "newrelic"
generator = "connectors 0.1.0"
toml_sha256 = "66e510be2326246dfdc1939bb99bef48aad6ecc9cba0a77cc6aa91145ce83c6f"
ir_sha256 = "6cd7e7ca6a1306d03dc0b2b9cf4f68013f37f094f6917423745a7bfce26d82cc"

[provider.artifacts]
"catalog/newrelic.catalog.json" = "c1be4ab09cbfd87bb6f13e7871aa473ddeae39af348fd35271c7b3e6cff79ffb"

[[provider]]
id = "notion"
generator = "connectors 0.1.0"
toml_sha256 = "0296a15427d1505ea64a26a1b8d689fbd26dc3016436c2c3b703cb7d6cb66e4a"
ir_sha256 = "c5d2d58f5bac0b6adda94005f9556440f6398ebd57cea726a5b26778db59ad93"

[provider.artifacts]
"catalog/notion.catalog.json" = "13a767794135c76cd5254a799100d8a6e1fe46f34c61bfd6f7afe35a6b6955c6"

[[provider]]
id = "okta"
generator = "connectors 0.1.0"
toml_sha256 = "d358e5156bbf4c65ce74292ec1e4a9476d8de31de4321f79f9dedeb63923a59f"
ir_sha256 = "031460a3a061e9b974eb605ff4d29af9b123345900eca4962f2f07a7760acd17"

[provider.artifacts]
"catalog/okta.catalog.json" = "7a58787d3e26cd9d1c32f8ecb0d31c6dd815f9d6c939caac53e10c6689210849"

[[provider]]
id = "openai"
generator = "connectors 0.1.0"
source_url = "https://raw.githubusercontent.com/openai/openai-openapi/117ce5680e4269f6656a4fd70d28f9755630d938/openapi.json"
upstream_version = "2.3.0"
spec_sha256 = "bf253f99bca25941f6b7a5ce0c4a0634b89677502067bfbadb82727690c596a6"
toml_sha256 = "232f0b98bcff43f40a56191075080822de333717966ab6b3421e1c714a80525e"
ir_sha256 = "569c68e09d6dbe9efc09164dc920ad2d18e7681b1953c47fd124a616c1335322"

[[provider.specs]]
path = "specs/openai/selected-2026-08-02.openapi.json"
source_url = "https://raw.githubusercontent.com/openai/openai-openapi/117ce5680e4269f6656a4fd70d28f9755630d938/openapi.json"
upstream_version = "2.3.0"
sha256 = "bf253f99bca25941f6b7a5ce0c4a0634b89677502067bfbadb82727690c596a6"

[provider.artifacts]
"catalog/openai.catalog.json" = "4023ca0e51bd72d1ca05277cbeb74acc31dec2b67a8dce8f651281616686ce0c"

[[provider]]
id = "openrouter"
generator = "connectors 0.1.0"
toml_sha256 = "c9be3bbc14d6454200495367925b783cdda2ce9e6ab5d859a083912c8520403d"
ir_sha256 = "33be4bb5d8ddc9e0c5a2339f341a79be6d9ffc104a5a83222d90bbd68f42a98d"

[provider.artifacts]
"catalog/openrouter.catalog.json" = "5ce2d8a5d7ef8d573d9c642b6f794aa09e462b2261bb7a31cb30f847e6c1d1cc"

[[provider]]
id = "pagerduty"
generator = "connectors 0.1.0"
toml_sha256 = "9d0244b872fce79e0192d84eb30702098a57abd9d33791e314aba77206d9c5b2"
ir_sha256 = "8951126c52675a8061dc226ea9ee94859c60454db0ed17a169ecd9821d145153"

[provider.artifacts]
"catalog/pagerduty.catalog.json" = "9257c2d49cb63814a3491226f75e5f15259a18b3d7927f3a34e8b38a69020b54"

[[provider]]
id = "postgresql"
generator = "connectors 0.1.0"
toml_sha256 = "8d93a12a1240813d26a3680d67e236568f1634a2e5b1a850a81d4aa0fd225c3a"
ir_sha256 = "d555f0d383addf3ed49c8097efc9c79c5203b89b993dd615865dc1a0d840946e"

[provider.artifacts]
"catalog/postgresql.catalog.json" = "df76020d919bbdffb8561755b7a2c018c898d8766e4884e96cf41f93ba469809"

[[provider]]
id = "postmark"
generator = "connectors 0.1.0"
toml_sha256 = "a4a2fff3654497edc64cae4e61f81103d65be55e6e57caf038e416319f4c4ec2"
ir_sha256 = "23f1262a764a5debfb40386b8dd6fe97f0789756fed075acfd71761617e4766f"

[provider.artifacts]
"catalog/postmark.catalog.json" = "21a6130aceb22f5b395c87ffeadc44b739fe17667d96b520947d3143f5e0045a"

[[provider]]
id = "prometheus"
generator = "connectors 0.1.0"
upstream_version = "Prometheus HTTP API"
spec_sha256 = "c952784e8401beed71d6967197d78905ef1f6e3116e422c1951ab2d39d7572e6"
toml_sha256 = "b7226d3ca618d6625e5a4b1ca091ea2ccd3468a355bda50573828481b2e91909"
ir_sha256 = "0fb412b0f0afd112be764e0bf99d8bb836d28ca0bb43de60127f12e072c75f6c"

[[provider.specs]]
path = "specs/prometheus/http-api-2026-08-15.openapi.yaml"
upstream_version = "Prometheus HTTP API"
sha256 = "c952784e8401beed71d6967197d78905ef1f6e3116e422c1951ab2d39d7572e6"

[provider.artifacts]
"catalog/prometheus.catalog.json" = "5c66dbf61a57a0c2a0165de280c431f16690bd15353bb71f5c96ddae624078cf"

[[provider]]
id = "resend"
generator = "connectors 0.1.0"
toml_sha256 = "18f3e50bfdbfd80cf47387074a946bfae20830bdfc5893a968ed74ca1f7b3ce8"
ir_sha256 = "fed86be4013d0d6e73c79c214157b774fc5e8c4598d3d3289895eb382f67b5df"

[provider.artifacts]
"catalog/resend.catalog.json" = "bbaa0e36d26d8a4e44bceb1f6f25beceae72631430e18df9b1b1b9278a2755f1"

[[provider]]
id = "runpod"
generator = "connectors 0.1.0"
source_url = "https://api.runpod.io/v2/openapi.json"
upstream_version = "2.0.0"
spec_sha256 = "e9d5cd72cc53d8f8ea66f8e63f2c78cb4520104b614c99cdeacd7c93833789fd"
toml_sha256 = "f2c8bdbd95b19dde64886c93cbf747230cfa8cb81a2e7bb331b93e14691d9278"
ir_sha256 = "1946a11b9a89c643f4a476998fb488616666141ad975ced36bce1ea676e17e85"

[[provider.specs]]
path = "specs/runpod/openapi-2026-08-19.json"
source_url = "https://api.runpod.io/v2/openapi.json"
upstream_version = "2.0.0"
sha256 = "e9d5cd72cc53d8f8ea66f8e63f2c78cb4520104b614c99cdeacd7c93833789fd"

[provider.artifacts]
"catalog/runpod.catalog.json" = "d2a3f4b044eb86f6b0d3c63897e9ce821554e05b970aa0d20b72ab8769c6275d"

[[provider]]
id = "salesforce"
generator = "connectors 0.1.0"
toml_sha256 = "e5cd92edc9992e48cb1859ee5edb3676c68d1a34a32dc476378076c0bde7597d"
ir_sha256 = "87011dc7c8bb21d1597d671a89c5c73fbdc106c96f48252a535d9e45a1420ab9"

[provider.artifacts]
"catalog/salesforce.catalog.json" = "5e096fce399600f2635f4668c6a4a4674c5ab052fa81d1db97d5c9e0be9f265e"

[[provider]]
id = "sendgrid"
generator = "connectors 0.1.0"
toml_sha256 = "47b609063b65c112b2d8f716d90f2cf71c3e7e919692555bd69f0ac251875a68"
ir_sha256 = "22b7ef52ad480b68fbf888887569162cbdc86e95382f01ccae089c584ba9122b"

[provider.artifacts]
"catalog/sendgrid.catalog.json" = "dcdb7ea3195f62ca9dbcc72a2eb9e69cc8f017554f5030ed4a25209372dd024c"

[[provider]]
id = "sentry"
generator = "connectors 0.1.0"
toml_sha256 = "28bd73df199c973a4ae13856a6c47936f2562fb27701e3d85ef14b08b2983ea9"
ir_sha256 = "b4aab482416c394dad21749405d28dbb5e675a67ce439efa14d6d196caf2c9c5"

[provider.artifacts]
"catalog/sentry.catalog.json" = "02b58572a0aff0cd28e89bf2d941761279be5420c245734728e36c98b47fa2b1"

[[provider]]
id = "shopify"
generator = "connectors 0.1.0"
toml_sha256 = "d8ac7af000ecece8d00e643dc8e480c0ce4fdf8766750e4f29d7c6e18db09726"
ir_sha256 = "f3c4aa8d851678564f424fdbdbfa47559f7a4a79a340ff02a6d491e3f0fd2478"

[provider.artifacts]
"catalog/shopify.catalog.json" = "c27f608b52904a22ee368f75f76703d033ce7398d1fd1d4e1c0202f300eb29f0"

[[provider]]
id = "slack"
generator = "connectors 0.1.0"
toml_sha256 = "d5785e6fcb2ad9432e7ccd47edc667b3b5a105e5a94dcb7656fd7507db90dddb"
ir_sha256 = "15348fba2fa6f3ac516e4dfe7cdb8aef12d85ae35005b25256cd5db1c11652f8"

[[provider.specs]]
path = "specs/slack/web-api-selected-1.7.0-2026-08-15.openapi.json"
service = "default"
source_url = "https://api.slack.com/specs/openapi/v2/slack_web.json"
upstream_version = "1.7.0"
sha256 = "65c0a917f18a343b84a8dcf4b70b29676c0e4894eaa8598b0a0c741f20fa5c2c"

[[provider.specs]]
path = "specs/slack/admin-api-selected-1.7.0-2026-08-15.openapi.json"
service = "admin"
source_url = "https://api.slack.com/specs/openapi/v2/slack_web.json"
upstream_version = "1.7.0"
sha256 = "fbb44858e67bba7b9485ce53431ace49de893efbdf9b56cf2903771f77b20f69"

[[provider.specs]]
path = "specs/slack/events-selected-2026-08-15.asyncapi.yaml"
service = "default"
upstream_version = "2026-08-15"
sha256 = "43e1b4ecf8ea8393fa8d759bdad4629a29042299ce69d85384169c970f031e69"

[provider.artifacts]
"catalog/slack.catalog.json" = "ee16a539bb32b938c7e8611ef82759683072c16c3cdd2a216ea0d13ac63a1b4e"

[[provider]]
id = "statuspage"
generator = "connectors 0.1.0"
toml_sha256 = "24d08024850f7d04554cf23dda88ef1b31d883614772488c290130f311f17975"
ir_sha256 = "4674a9b5c38d84ebeca9953a12eec28fc12317738b6ff430c02cce85983ea1d3"

[provider.artifacts]
"catalog/statuspage.catalog.json" = "f8ebcb3e344915d240539043e364903460fdc5b248a25466602679ab58831dcd"

[[provider]]
id = "stripe"
generator = "connectors 0.1.0"
source_url = "https://raw.githubusercontent.com/stripe/openapi/8da624f9b4f65178eb2e2c2b6fc80162a6c0dceb/latest/openapi.spec3.json"
upstream_version = "2026-07-29.dahlia"
spec_sha256 = "3b3d858f1a02a2ac0116cc10a296a7d374fe7c9d8b4a68a5419712e0bb3fbf41"
toml_sha256 = "1d9a2c98eb8484bd1f601f0b714bc5d2257fb643c8a2f93312a492bcf0ba9752"
ir_sha256 = "a84f0d8987ec5fcc549fb3cfe4e8f86a7a51cfdf2cb8d3010b29fcbe9961d8e5"

[[provider.specs]]
path = "specs/stripe/openapi-2026-08-02.json"
source_url = "https://raw.githubusercontent.com/stripe/openapi/8da624f9b4f65178eb2e2c2b6fc80162a6c0dceb/latest/openapi.spec3.json"
upstream_version = "2026-07-29.dahlia"
sha256 = "3b3d858f1a02a2ac0116cc10a296a7d374fe7c9d8b4a68a5419712e0bb3fbf41"

[provider.artifacts]
"catalog/stripe.catalog.json" = "08fd52ee83cc1b83078c3392a97d788a4113f9467d7f049ef8664ffa6dafd124"

[[provider]]
id = "supabase"
generator = "connectors 0.1.0"
toml_sha256 = "5e6430c9d9bb22b699e9a9e9efd4ece191c6c36a171d3173d73b1d436fb03d7f"
ir_sha256 = "f2ab5c32535c375f77fc50eea1de0fe8a89f47de0eb87f26aaa2eb5784df1c6c"

[provider.artifacts]
"catalog/supabase.catalog.json" = "c74b611edb0a2d61d464ebcdea0b6bbddc092e326a1a98e40a0f0279253479ee"

[[provider]]
id = "trello"
generator = "connectors 0.1.0"
toml_sha256 = "a336500567fdfe8428550197aed8a64a4c73d6a3c15bbf9c8b90371420ff978b"
ir_sha256 = "ef6f489a8b262cf5d535534567d41186367f349218b0e0f6fd4c30a1bf03b3d5"

[provider.artifacts]
"catalog/trello.catalog.json" = "35c3cf00537f282f3401614cc6f40bac331c53123876e7a3a55276b22f354c37"

[[provider]]
id = "twilio"
generator = "connectors 0.1.0"
source_url = "https://raw.githubusercontent.com/twilio/twilio-oai/97418cf0e4d6cf35b02333dd624090a8c62fa25d/spec/json/twilio_api_v2010.json"
upstream_version = "1.0.0"
spec_sha256 = "2ab609f9daeddae92f339c6c8d646dae9058f8f11baa53fab12e98fd3f37700d"
toml_sha256 = "9e02119b6ea5c914753225a11da8a401ef19e70cb6eb81e1421037456a56cc4f"
ir_sha256 = "f9e4eeb59eb1376607a57ab4416f1660b28af25268ff4d24480dcd3244016589"

[[provider.specs]]
path = "specs/twilio/selected-2026-08-02.openapi.json"
source_url = "https://raw.githubusercontent.com/twilio/twilio-oai/97418cf0e4d6cf35b02333dd624090a8c62fa25d/spec/json/twilio_api_v2010.json"
upstream_version = "1.0.0"
sha256 = "2ab609f9daeddae92f339c6c8d646dae9058f8f11baa53fab12e98fd3f37700d"

[provider.artifacts]
"catalog/twilio.catalog.json" = "1710b7f92dc70563940ce95479791d149aa4a7447f82af1497f8ff9113c1fb95"

[[provider]]
id = "typeform"
generator = "connectors 0.1.0"
toml_sha256 = "a7a1847831762c6cdcfd82a445a4f922cd709c40f2d34c1477f06e091e01b104"
ir_sha256 = "c4d1bb66ac6e76e27c98d558df2910c51a18226803fdcd02715a5f5975710758"

[provider.artifacts]
"catalog/typeform.catalog.json" = "7bf7ffea2b3ca0426d77ce8084fe778827635b7dbfc0a5665bce51f15f404384"

[[provider]]
id = "vercel"
generator = "connectors 0.1.0"
toml_sha256 = "51698f29ba7dd7689b3fc4af0ea3fa5a3a1e1a1af1b39e24328e8689f93be1e8"
ir_sha256 = "528c7334b3c9677f3d3f0aca75dd95d66d076efc87219bca367bf30045735315"

[provider.artifacts]
"catalog/vercel.catalog.json" = "5ac3dcf8994c058642c2eb3fb595d6a45af5306631596287591cec8e5f1c64a7"

[[provider]]
id = "webflow"
generator = "connectors 0.1.0"
toml_sha256 = "cedce787730e1383b50f75f390c8315aea690a5cc465741dc1e4186b8af34c1b"
ir_sha256 = "aef62bbf76b724d9507279ee9a298e9b7c654612a6170a421be3bb3f41476bb1"

[provider.artifacts]
"catalog/webflow.catalog.json" = "b0e4fe0af9aba9644e0339f9e30cdddd1367b71247b89ef2cf616dc9ca6da75b"

[[provider]]
id = "zendesk"
generator = "connectors 0.1.0"
toml_sha256 = "f6051085374cbd566efd7dac0f8898f3f9c0238345640c7457e2ec6ae6ea0868"
ir_sha256 = "aa1569c223a7c89433e5fd243bf3afab1e578ad92436ad9d2ce4785cfe3d1fce"

[[provider.specs]]
path = "specs/zendesk/ticketing-2026-08-02.openapi.yaml"
service = "default"
source_url = "https://developer.zendesk.com/zendesk/oas.yaml"
upstream_version = "2.0.0"
sha256 = "338adeada0fc0e95bf1cea37320698e5a283fab9f48f496c28ab3bbac9ad0f88"

[[provider.specs]]
path = "specs/zendesk/help-center-2026-08-02.openapi.yaml"
service = "help-center"
source_url = "https://developer.zendesk.com/help_center/oas.yaml"
upstream_version = "2.0.0"
sha256 = "49d74afb9e1538ca8fb08f3dd2ac48c6f6f7af575845eb4ca2adff72bdc33525"

[[provider.specs]]
path = "specs/zendesk/messaging-2026-08-02.openapi.yaml"
service = "messaging"
source_url = "https://raw.githubusercontent.com/zendesk/sunshine-conversations-api-spec/master/openapi.yaml"
upstream_version = "17.12.1"
sha256 = "cde5a1f4d54038bb4d52df965f0eb7824c2074be2a5a36835dfc20c82f121da6"

[provider.artifacts]
"catalog/zendesk.catalog.json" = "68df673bdbc08e75d0435ba5038e31234d88228312711b384a1cc251424918db"

[[provider]]
id = "zoom"
generator = "connectors 0.1.0"
toml_sha256 = "8651659af68181afae1f27cc686c446d2429ec47c5caeaa1bfd751dc275780bd"
ir_sha256 = "7cf5866afd584a8b7c67ac5820e9884627235fe780278dc8fef6906f1fb90642"

[provider.artifacts]
"catalog/zoom.catalog.json" = "15b92bcdd1a4230d889e030974b6b672705c9760fc0765cd0e039ce65709034b"
